
Microsoft Visual Studio Solution File, Format Version 10.00
# Visual C++ Express 2008
Project("{8BC9CEB8-8B4A-11D0-8D11-00A0C91BC942}") = "TuxRacer-VS2008", "TuxRacer-VS2008.vcproj", "{3D5E6A0F-1FF7-4579-980B-FCEEE2A4C9FD}"
EndProject
Global
	GlobalSection(SolutionConfigurationPlatforms) = preSolution
		Debug|Win32 = Debug|Win32
		Release|Win32 = Release|Win32
	EndGlobalSection
	GlobalSection(ProjectConfigurationPlatforms) = postSolution
		{3D5E6A0F-1FF7-4579-980B-FCEEE2A4C9FD}.Debug|Win32.ActiveCfg = Debug|Win32
		{3D5E6A0F-1FF7-4579-980B-FCEEE2A4C9FD}.Debug|Win32.Build.0 = Debug|Win32
		{3D5E6A0F-1FF7-4579-980B-FCEEE2A4C9FD}.Release|Win32.ActiveCfg = Release|Win32
		{3D5E6A0F-1FF7-4579-980B-FCEEE2A4C9FD}.Release|Win32.Build.0 = Release|Win32
	EndGlobalSection
	GlobalSection(SolutionProperties) = preSolution
		HideSolutionNode = FALSE
	EndGlobalSection
EndGlobal
