<?xml version="1.0" encoding="utf-8"?>
<Project ToolsVersion="4.0" xmlns="http://schemas.microsoft.com/developer/msbuild/2003">
  <ItemGroup>
    <Filter Include="Source Files">
      <UniqueIdentifier>{4FC737F1-C7A5-4376-A066-2A32D752A2FF}</UniqueIdentifier>
      <Extensions>cpp;c;cc;cxx;def;odl;idl;hpj;bat;asm;asmx</Extensions>
    </Filter>
    <Filter Include="Header Files">
      <UniqueIdentifier>{93995380-89BD-4b04-88EB-625FBE52EBFB}</UniqueIdentifier>
      <Extensions>h;hpp;hxx;hm;inl;inc;xsd</Extensions>
    </Filter>
    <Filter Include="Resource Files">
      <UniqueIdentifier>{67DA6AB6-F800-4c08-8B7A-83BB121AAD01}</UniqueIdentifier>
      <Extensions>rc;ico;cur;bmp;dlg;rc2;rct;bin;rgs;gif;jpg;jpeg;jpe;resx;tiff;tif;png;wav</Extensions>
    </Filter>
  </ItemGroup>
  <ItemGroup>
    <ClCompile Include="..\src\alglib.c">
      <Filter>Source Files</Filter>
    </ClCompile>
    <ClCompile Include="..\src\audio.c">
      <Filter>Source Files</Filter>
    </ClCompile>
    <ClCompile Include="..\src\audio_data.c">
      <Filter>Source Files</Filter>
    </ClCompile>
    <ClCompile Include="..\src\bonus.c">
      <Filter>Source Files</Filter>
    </ClCompile>
    <ClCompile Include="..\src\button.c">
      <Filter>Source Files</Filter>
    </ClCompile>
    <ClCompile Include="..\src\course_load.c">
      <Filter>Source Files</Filter>
    </ClCompile>
    <ClCompile Include="..\src\course_mgr.c">
      <Filter>Source Files</Filter>
    </ClCompile>
    <ClCompile Include="..\src\course_quad.cpp">
      <Filter>Source Files</Filter>
    </ClCompile>
    <ClCompile Include="..\src\course_render.c">
      <Filter>Source Files</Filter>
    </ClCompile>
    <ClCompile Include="..\src\credits.c">
      <Filter>Source Files</Filter>
    </ClCompile>
    <ClCompile Include="..\src\debug.c">
      <Filter>Source Files</Filter>
    </ClCompile>
    <ClCompile Include="..\src\error_util.c">
      <Filter>Source Files</Filter>
    </ClCompile>
    <ClCompile Include="..\src\event_select.c">
      <Filter>Source Files</Filter>
    </ClCompile>
    <ClCompile Include="..\src\file_util.c">
      <Filter>Source Files</Filter>
    </ClCompile>
    <ClCompile Include="..\src\fog.c">
      <Filter>Source Files</Filter>
    </ClCompile>
    <ClCompile Include="..\src\fonts.c">
      <Filter>Source Files</Filter>
    </ClCompile>
    <ClCompile Include="..\src\fps.c">
      <Filter>Source Files</Filter>
    </ClCompile>
    <ClCompile Include="..\src\game_config.c">
      <Filter>Source Files</Filter>
    </ClCompile>
    <ClCompile Include="..\src\game_logic_util.c">
      <Filter>Source Files</Filter>
    </ClCompile>
    <ClCompile Include="..\src\game_over.c">
      <Filter>Source Files</Filter>
    </ClCompile>
    <ClCompile Include="..\src\game_type_select.c">
      <Filter>Source Files</Filter>
    </ClCompile>
    <ClCompile Include="..\src\gauss.c">
      <Filter>Source Files</Filter>
    </ClCompile>
    <ClCompile Include="..\src\gl_util.c">
      <Filter>Source Files</Filter>
    </ClCompile>
    <ClCompile Include="..\src\hash.c">
      <Filter>Source Files</Filter>
    </ClCompile>
    <ClCompile Include="..\src\hier.c">
      <Filter>Source Files</Filter>
    </ClCompile>
    <ClCompile Include="..\src\hier_cb.c">
      <Filter>Source Files</Filter>
    </ClCompile>
    <ClCompile Include="..\src\hier_util.c">
      <Filter>Source Files</Filter>
    </ClCompile>
    <ClCompile Include="..\src\hud.c">
      <Filter>Source Files</Filter>
    </ClCompile>
    <ClCompile Include="..\src\hud_training.c">
      <Filter>Source Files</Filter>
    </ClCompile>
    <ClCompile Include="..\src\image.c">
      <Filter>Source Files</Filter>
    </ClCompile>
    <ClCompile Include="..\src\intro.c">
      <Filter>Source Files</Filter>
    </ClCompile>
    <ClCompile Include="..\src\joystick.c">
      <Filter>Source Files</Filter>
    </ClCompile>
    <ClCompile Include="..\src\keyboard.c">
      <Filter>Source Files</Filter>
    </ClCompile>
    <ClCompile Include="..\src\keyboard_util.c">
      <Filter>Source Files</Filter>
    </ClCompile>
    <ClCompile Include="..\src\keyframe.c">
      <Filter>Source Files</Filter>
    </ClCompile>
    <ClCompile Include="..\src\lights.c">
      <Filter>Source Files</Filter>
    </ClCompile>
    <ClCompile Include="..\src\list.c">
      <Filter>Source Files</Filter>
    </ClCompile>
    <ClCompile Include="..\src\listbox.c">
      <Filter>Source Files</Filter>
    </ClCompile>
    <ClCompile Include="..\src\loading.c">
      <Filter>Source Files</Filter>
    </ClCompile>
    <ClCompile Include="..\src\loop.c">
      <Filter>Source Files</Filter>
    </ClCompile>
    <ClCompile Include="..\src\main.c">
      <Filter>Source Files</Filter>
    </ClCompile>
    <ClCompile Include="..\src\mirror_course.c">
      <Filter>Source Files</Filter>
    </ClCompile>
    <ClCompile Include="..\src\multiplayer.c">
      <Filter>Source Files</Filter>
    </ClCompile>
    <ClCompile Include="..\src\nmrcl.c">
      <Filter>Source Files</Filter>
    </ClCompile>
    <ClCompile Include="..\src\os_util.c">
      <Filter>Source Files</Filter>
    </ClCompile>
    <ClCompile Include="..\src\part_sys.c">
      <Filter>Source Files</Filter>
    </ClCompile>
    <ClCompile Include="..\src\paused.c">
      <Filter>Source Files</Filter>
    </ClCompile>
    <ClCompile Include="..\src\phys_sim.c">
      <Filter>Source Files</Filter>
    </ClCompile>
    <ClCompile Include="..\src\pic.c">
      <Filter>Source Files</Filter>
    </ClCompile>
    <ClCompile Include="..\src\preview.c">
      <Filter>Source Files</Filter>
    </ClCompile>
    <ClCompile Include="..\src\quadgeom.cpp">
      <Filter>Source Files</Filter>
    </ClCompile>
    <ClCompile Include="..\src\quadtree.cpp">
      <Filter>Source Files</Filter>
    </ClCompile>
    <ClCompile Include="..\src\race_select.c">
      <Filter>Source Files</Filter>
    </ClCompile>
    <ClCompile Include="..\src\racing.c">
      <Filter>Source Files</Filter>
    </ClCompile>
    <ClCompile Include="..\src\render_util.c">
      <Filter>Source Files</Filter>
    </ClCompile>
    <ClCompile Include="..\src\reset.c">
      <Filter>Source Files</Filter>
    </ClCompile>
    <ClCompile Include="..\src\save.c">
      <Filter>Source Files</Filter>
    </ClCompile>
    <ClCompile Include="..\src\screenshot.c">
      <Filter>Source Files</Filter>
    </ClCompile>
    <ClCompile Include="..\src\ssbutton.c">
      <Filter>Source Files</Filter>
    </ClCompile>
    <ClCompile Include="..\src\string_util.c">
      <Filter>Source Files</Filter>
    </ClCompile>
    <ClCompile Include="..\src\tcl_util.c">
      <Filter>Source Files</Filter>
    </ClCompile>
    <ClCompile Include="..\src\tex_font_metrics.c">
      <Filter>Source Files</Filter>
    </ClCompile>
    <ClCompile Include="..\src\textarea.c">
      <Filter>Source Files</Filter>
    </ClCompile>
    <ClCompile Include="..\src\textures.c">
      <Filter>Source Files</Filter>
    </ClCompile>
    <ClCompile Include="..\src\track_marks.c">
      <Filter>Source Files</Filter>
    </ClCompile>
    <ClCompile Include="..\src\tux.c">
      <Filter>Source Files</Filter>
    </ClCompile>
    <ClCompile Include="..\src\tux_shadow.c">
      <Filter>Source Files</Filter>
    </ClCompile>
    <ClCompile Include="..\src\ui_mgr.c">
      <Filter>Source Files</Filter>
    </ClCompile>
    <ClCompile Include="..\src\ui_snow.c">
      <Filter>Source Files</Filter>
    </ClCompile>
    <ClCompile Include="..\src\ui_theme.c">
      <Filter>Source Files</Filter>
    </ClCompile>
    <ClCompile Include="..\src\view.c">
      <Filter>Source Files</Filter>
    </ClCompile>
    <ClCompile Include="..\src\viewfrustum.c">
      <Filter>Source Files</Filter>
    </ClCompile>
    <ClCompile Include="..\src\winsys.c">
      <Filter>Source Files</Filter>
    </ClCompile>
    <ClCompile Include="..\src\prefs.c">
      <Filter>Source Files</Filter>
    </ClCompile>
    <ClCompile Include="..\src\gui_abstraction.c">
      <Filter>Source Files</Filter>
    </ClCompile>
  </ItemGroup>
  <ItemGroup>
    <ClInclude Include="..\src\alglib.h">
      <Filter>Header Files</Filter>
    </ClInclude>
    <ClInclude Include="..\src\audio.h">
      <Filter>Header Files</Filter>
    </ClInclude>
    <ClInclude Include="..\src\audio_data.h">
      <Filter>Header Files</Filter>
    </ClInclude>
    <ClInclude Include="..\src\bonus.h">
      <Filter>Header Files</Filter>
    </ClInclude>
    <ClInclude Include="..\src\button.h">
      <Filter>Header Files</Filter>
    </ClInclude>
    <ClInclude Include="..\src\course_load.h">
      <Filter>Header Files</Filter>
    </ClInclude>
    <ClInclude Include="..\src\course_mgr.h">
      <Filter>Header Files</Filter>
    </ClInclude>
    <ClInclude Include="..\src\course_quad.h">
      <Filter>Header Files</Filter>
    </ClInclude>
    <ClInclude Include="..\src\course_render.h">
      <Filter>Header Files</Filter>
    </ClInclude>
    <ClInclude Include="..\src\credits.h">
      <Filter>Header Files</Filter>
    </ClInclude>
    <ClInclude Include="..\src\debug.h">
      <Filter>Header Files</Filter>
    </ClInclude>
    <ClInclude Include="..\src\error_util.h">
      <Filter>Header Files</Filter>
    </ClInclude>
    <ClInclude Include="..\src\event_select.h">
      <Filter>Header Files</Filter>
    </ClInclude>
    <ClInclude Include="..\src\file_util.h">
      <Filter>Header Files</Filter>
    </ClInclude>
    <ClInclude Include="..\src\fog.h">
      <Filter>Header Files</Filter>
    </ClInclude>
    <ClInclude Include="..\src\fonts.h">
      <Filter>Header Files</Filter>
    </ClInclude>
    <ClInclude Include="..\src\fps.h">
      <Filter>Header Files</Filter>
    </ClInclude>
    <ClInclude Include="..\src\game_config.h">
      <Filter>Header Files</Filter>
    </ClInclude>
    <ClInclude Include="..\src\game_logic_util.h">
      <Filter>Header Files</Filter>
    </ClInclude>
    <ClInclude Include="..\src\game_over.h">
      <Filter>Header Files</Filter>
    </ClInclude>
    <ClInclude Include="..\src\game_type_select.h">
      <Filter>Header Files</Filter>
    </ClInclude>
    <ClInclude Include="..\src\gauss.h">
      <Filter>Header Files</Filter>
    </ClInclude>
    <ClInclude Include="..\src\gl_util.h">
      <Filter>Header Files</Filter>
    </ClInclude>
    <ClInclude Include="..\src\hash.h">
      <Filter>Header Files</Filter>
    </ClInclude>
    <ClInclude Include="..\src\hier.h">
      <Filter>Header Files</Filter>
    </ClInclude>
    <ClInclude Include="..\src\hier_cb.h">
      <Filter>Header Files</Filter>
    </ClInclude>
    <ClInclude Include="..\src\hier_util.h">
      <Filter>Header Files</Filter>
    </ClInclude>
    <ClInclude Include="..\src\hud.h">
      <Filter>Header Files</Filter>
    </ClInclude>
    <ClInclude Include="..\src\hud_training.h">
      <Filter>Header Files</Filter>
    </ClInclude>
    <ClInclude Include="..\src\image.h">
      <Filter>Header Files</Filter>
    </ClInclude>
    <ClInclude Include="..\src\intro.h">
      <Filter>Header Files</Filter>
    </ClInclude>
    <ClInclude Include="..\src\joystick.h">
      <Filter>Header Files</Filter>
    </ClInclude>
    <ClInclude Include="..\src\keyboard.h">
      <Filter>Header Files</Filter>
    </ClInclude>
    <ClInclude Include="..\src\keyboard_util.h">
      <Filter>Header Files</Filter>
    </ClInclude>
    <ClInclude Include="..\src\keyframe.h">
      <Filter>Header Files</Filter>
    </ClInclude>
    <ClInclude Include="..\src\lights.h">
      <Filter>Header Files</Filter>
    </ClInclude>
    <ClInclude Include="..\src\list.h">
      <Filter>Header Files</Filter>
    </ClInclude>
    <ClInclude Include="..\src\listbox.h">
      <Filter>Header Files</Filter>
    </ClInclude>
    <ClInclude Include="..\src\loading.h">
      <Filter>Header Files</Filter>
    </ClInclude>
    <ClInclude Include="..\src\loop.h">
      <Filter>Header Files</Filter>
    </ClInclude>
    <ClInclude Include="..\src\mirror_course.h">
      <Filter>Header Files</Filter>
    </ClInclude>
    <ClInclude Include="..\src\multiplayer.h">
      <Filter>Header Files</Filter>
    </ClInclude>
    <ClInclude Include="..\src\nmrcl.h">
      <Filter>Header Files</Filter>
    </ClInclude>
    <ClInclude Include="..\src\os_util.h">
      <Filter>Header Files</Filter>
    </ClInclude>
    <ClInclude Include="..\src\part_sys.h">
      <Filter>Header Files</Filter>
    </ClInclude>
    <ClInclude Include="..\src\paused.h">
      <Filter>Header Files</Filter>
    </ClInclude>
    <ClInclude Include="..\src\phys_sim.h">
      <Filter>Header Files</Filter>
    </ClInclude>
    <ClInclude Include="..\src\pic.h">
      <Filter>Header Files</Filter>
    </ClInclude>
    <ClInclude Include="..\src\preview.h">
      <Filter>Header Files</Filter>
    </ClInclude>
    <ClInclude Include="..\src\quadgeom.hpp">
      <Filter>Header Files</Filter>
    </ClInclude>
    <ClInclude Include="..\src\quadtree.hpp">
      <Filter>Header Files</Filter>
    </ClInclude>
    <ClInclude Include="..\src\race_select.h">
      <Filter>Header Files</Filter>
    </ClInclude>
    <ClInclude Include="..\src\racing.h">
      <Filter>Header Files</Filter>
    </ClInclude>
    <ClInclude Include="..\src\racing_mode_select.h">
      <Filter>Header Files</Filter>
    </ClInclude>
    <ClInclude Include="..\src\render_util.h">
      <Filter>Header Files</Filter>
    </ClInclude>
    <ClInclude Include="..\src\reset.h">
      <Filter>Header Files</Filter>
    </ClInclude>
    <ClInclude Include="..\src\save.h">
      <Filter>Header Files</Filter>
    </ClInclude>
    <ClInclude Include="..\src\screenshot.h">
      <Filter>Header Files</Filter>
    </ClInclude>
    <ClInclude Include="..\src\ssbutton.h">
      <Filter>Header Files</Filter>
    </ClInclude>
    <ClInclude Include="..\src\string_util.h">
      <Filter>Header Files</Filter>
    </ClInclude>
    <ClInclude Include="..\src\tcl_util.h">
      <Filter>Header Files</Filter>
    </ClInclude>
    <ClInclude Include="..\src\tex_font_metrics.h">
      <Filter>Header Files</Filter>
    </ClInclude>
    <ClInclude Include="..\src\textarea.h">
      <Filter>Header Files</Filter>
    </ClInclude>
    <ClInclude Include="..\src\textures.h">
      <Filter>Header Files</Filter>
    </ClInclude>
    <ClInclude Include="..\src\track_marks.h">
      <Filter>Header Files</Filter>
    </ClInclude>
    <ClInclude Include="..\src\tux.h">
      <Filter>Header Files</Filter>
    </ClInclude>
    <ClInclude Include="..\src\tux_shadow.h">
      <Filter>Header Files</Filter>
    </ClInclude>
    <ClInclude Include="..\src\tux_types.h">
      <Filter>Header Files</Filter>
    </ClInclude>
    <ClInclude Include="..\src\tuxracer.h">
      <Filter>Header Files</Filter>
    </ClInclude>
    <ClInclude Include="..\src\ui_mgr.h">
      <Filter>Header Files</Filter>
    </ClInclude>
    <ClInclude Include="..\src\ui_snow.h">
      <Filter>Header Files</Filter>
    </ClInclude>
    <ClInclude Include="..\src\ui_theme.h">
      <Filter>Header Files</Filter>
    </ClInclude>
    <ClInclude Include="..\src\view.h">
      <Filter>Header Files</Filter>
    </ClInclude>
    <ClInclude Include="..\src\viewfrustum.h">
      <Filter>Header Files</Filter>
    </ClInclude>
    <ClInclude Include="..\src\winsys.h">
      <Filter>Header Files</Filter>
    </ClInclude>
    <ClInclude Include="..\src\prefs.h">
      <Filter>Header Files</Filter>
    </ClInclude>
  </ItemGroup>
  <ItemGroup>
    <None Include="..\src\res\tuxracer.ico">
      <Filter>Resource Files</Filter>
    </None>
  </ItemGroup>
  <ItemGroup>
    <ResourceCompile Include="tuxracer.rc">
      <Filter>Resource Files</Filter>
    </ResourceCompile>
  </ItemGroup>
</Project>